<?xml version="1.0" encoding="utf-8"?>
<Project ToolsVersion="4.0" xmlns="http://schemas.microsoft.com/developer/msbuild/2003">
  <ItemGroup>
    <Filter Include="main">
      <UniqueIdentifier>{24150881-d6dd-4820-807c-08fa13210ef2}</UniqueIdentifier>
    </Filter>
    <Filter Include="window stuff">
      <UniqueIdentifier>{6264c135-889b-42a3-930d-097c17fa071c}</UniqueIdentifier>
    </Filter>
    <Filter Include="shared">
      <UniqueIdentifier>{4465f0e0-aec8-4799-aeb1-37606e6f8348}</UniqueIdentifier>
    </Filter>
  </ItemGroup>
  <ItemGroup>
    <ClCompile Include="mainClient.cpp">
      <Filter>main</Filter>
    </ClCompile>
    <ClCompile Include="KeyboardListener.cpp">
      <Filter>window stuff</Filter>
    </ClCompile>
    <ClCompile Include="MouseListener.cpp">
      <Filter>window stuff</Filter>
    </ClCompile>
    <ClCompile Include="Window.cpp">
      <Filter>window stuff</Filter>
    </ClCompile>
    <ClCompile Include="WindowListener.cpp">
      <Filter>window stuff</Filter>
    </ClCompile>
    <ClCompile Include="GameClient.cpp">
      <Filter>main</Filter>
    </ClCompile>
    <ClCompile Include="..\shared\Client.cpp">
      <Filter>shared</Filter>
    </ClCompile>
    <ClCompile Include="..\shared\Receiver.cpp">
      <Filter>shared</Filter>
    </ClCompile>
    <ClCompile Include="..\shared\Semaphore.cpp">
      <Filter>shared</Filter>
    </ClCompile>
    <ClCompile Include="..\shared\Sender.cpp">
      <Filter>shared</Filter>
    </ClCompile>
    <ClCompile Include="..\shared\Thread.cpp">
      <Filter>shared</Filter>
    </ClCompile>
    <ClCompile Include="Ground.cpp">
      <Filter>main</Filter>
    </ClCompile>
    <ClCompile Include="..\shared\Entity.cpp">
      <Filter>shared</Filter>
    </ClCompile>
    <ClCompile Include="..\shared\Object.cpp">
      <Filter>shared</Filter>
    </ClCompile>
  </ItemGroup>
  <ItemGroup>
    <None Include="history_client.txt">
      <Filter>main</Filter>
    </None>
  </ItemGroup>
  <ItemGroup>
    <ClInclude Include="KeyboardListener.h">
      <Filter>window stuff</Filter>
    </ClInclude>
    <ClInclude Include="MouseListener.h">
      <Filter>window stuff</Filter>
    </ClInclude>
    <ClInclude Include="Window.h">
      <Filter>window stuff</Filter>
    </ClInclude>
    <ClInclude Include="WindowListener.h">
      <Filter>window stuff</Filter>
    </ClInclude>
    <ClInclude Include="..\shared\CircularBuffer.hpp">
      <Filter>shared</Filter>
    </ClInclude>
    <ClInclude Include="..\shared\Client.hpp">
      <Filter>shared</Filter>
    </ClInclude>
    <ClInclude Include="..\shared\Message.hpp">
      <Filter>shared</Filter>
    </ClInclude>
    <ClInclude Include="..\shared\Pair.hpp">
      <Filter>shared</Filter>
    </ClInclude>
    <ClInclude Include="..\shared\Receiver.hpp">
      <Filter>shared</Filter>
    </ClInclude>
    <ClInclude Include="..\shared\Runnable.hpp">
      <Filter>shared</Filter>
    </ClInclude>
    <ClInclude Include="..\shared\Semaphore.hpp">
      <Filter>shared</Filter>
    </ClInclude>
    <ClInclude Include="..\shared\Sender.hpp">
      <Filter>shared</Filter>
    </ClInclude>
    <ClInclude Include="..\shared\SingleLinkedList.h">
      <Filter>shared</Filter>
    </ClInclude>
    <ClInclude Include="..\shared\Thread.hpp">
      <Filter>shared</Filter>
    </ClInclude>
    <ClInclude Include="..\shared\SharedMisc.hpp">
      <Filter>shared</Filter>
    </ClInclude>
    <ClInclude Include="Ground.h">
      <Filter>main</Filter>
    </ClInclude>
    <ClInclude Include="..\shared\Entity.h">
      <Filter>shared</Filter>
    </ClInclude>
    <ClInclude Include="..\shared\Object.h">
      <Filter>shared</Filter>
    </ClInclude>
  </ItemGroup>
</Project>