<?xml version="1.0" encoding="utf-8"?>
<Project ToolsVersion="4.0" xmlns="http://schemas.microsoft.com/developer/msbuild/2003">
  <ItemGroup>
    <Filter Include="main">
      <UniqueIdentifier>{e2c4562a-d2e3-40a8-83cd-9bdd2c42455f}</UniqueIdentifier>
    </Filter>
    <Filter Include="shared">
      <UniqueIdentifier>{5b99aedf-03f5-4c9c-9574-133ec958d311}</UniqueIdentifier>
    </Filter>
  </ItemGroup>
  <ItemGroup>
    <ClCompile Include="mainServer.cpp">
      <Filter>main</Filter>
    </ClCompile>
    <ClCompile Include="GameServer.cpp">
      <Filter>main</Filter>
    </ClCompile>
    <ClCompile Include="..\shared\Client.cpp">
      <Filter>shared</Filter>
    </ClCompile>
    <ClCompile Include="..\shared\Receiver.cpp">
      <Filter>shared</Filter>
    </ClCompile>
    <ClCompile Include="..\shared\Semaphore.cpp">
      <Filter>shared</Filter>
    </ClCompile>
    <ClCompile Include="..\shared\Sender.cpp">
      <Filter>shared</Filter>
    </ClCompile>
    <ClCompile Include="..\shared\Thread.cpp">
      <Filter>shared</Filter>
    </ClCompile>
    <ClCompile Include="..\shared\Entity.cpp">
      <Filter>shared</Filter>
    </ClCompile>
    <ClCompile Include="..\shared\Window.cpp">
      <Filter>shared</Filter>
    </ClCompile>
    <ClCompile Include="..\shared\WindowListener.cpp">
      <Filter>shared</Filter>
    </ClCompile>
    <ClCompile Include="..\shared\KeyboardListener.cpp">
      <Filter>shared</Filter>
    </ClCompile>
    <ClCompile Include="..\shared\MouseListener.cpp">
      <Filter>shared</Filter>
    </ClCompile>
    <ClCompile Include="..\shared\Ground.cpp">
      <Filter>shared</Filter>
    </ClCompile>
    <ClCompile Include="..\shared\Object.cpp">
      <Filter>shared</Filter>
    </ClCompile>
    <ClCompile Include="dummy.cpp" />
    <ClCompile Include="..\shared\Memory.cpp">
      <Filter>shared</Filter>
    </ClCompile>
  </ItemGroup>
  <ItemGroup>
    <None Include="history_server.txt">
      <Filter>main</Filter>
    </None>
  </ItemGroup>
  <ItemGroup>
    <ClInclude Include="GameServer.hpp">
      <Filter>main</Filter>
    </ClInclude>
    <ClInclude Include="..\shared\Client.hpp">
      <Filter>shared</Filter>
    </ClInclude>
    <ClInclude Include="..\shared\Message.hpp">
      <Filter>shared</Filter>
    </ClInclude>
    <ClInclude Include="..\shared\Pair.hpp">
      <Filter>shared</Filter>
    </ClInclude>
    <ClInclude Include="..\shared\Receiver.hpp">
      <Filter>shared</Filter>
    </ClInclude>
    <ClInclude Include="..\shared\Runnable.hpp">
      <Filter>shared</Filter>
    </ClInclude>
    <ClInclude Include="..\shared\Semaphore.hpp">
      <Filter>shared</Filter>
    </ClInclude>
    <ClInclude Include="..\shared\Sender.hpp">
      <Filter>shared</Filter>
    </ClInclude>
    <ClInclude Include="..\shared\SingleLinkedList.h">
      <Filter>shared</Filter>
    </ClInclude>
    <ClInclude Include="..\shared\Thread.hpp">
      <Filter>shared</Filter>
    </ClInclude>
    <ClInclude Include="..\shared\CircularBuffer.hpp">
      <Filter>shared</Filter>
    </ClInclude>
    <ClInclude Include="..\shared\SharedMisc.hpp">
      <Filter>shared</Filter>
    </ClInclude>
    <ClInclude Include="..\shared\Entity.h">
      <Filter>shared</Filter>
    </ClInclude>
    <ClInclude Include="..\shared\MouseListener.h">
      <Filter>shared</Filter>
    </ClInclude>
    <ClInclude Include="..\shared\Window.h">
      <Filter>shared</Filter>
    </ClInclude>
    <ClInclude Include="..\shared\WindowListener.h">
      <Filter>shared</Filter>
    </ClInclude>
    <ClInclude Include="..\shared\KeyboardListener.h">
      <Filter>shared</Filter>
    </ClInclude>
    <ClInclude Include="..\shared\Ground.h">
      <Filter>shared</Filter>
    </ClInclude>
    <ClInclude Include="..\shared\Object.h">
      <Filter>shared</Filter>
    </ClInclude>
    <ClInclude Include="..\shared\Memory.h">
      <Filter>shared</Filter>
    </ClInclude>
  </ItemGroup>
</Project>